
Microsoft Visual Studio Solution File, Format Version 12.00
# Visual Studio Version 17
VisualStudioVersion = 17.0.32014.148
MinimumVisualStudioVersion = 10.0.40219.1
Project("{2150E333-8FDC-42A3-9474-1A3956D46DE8}") = "1 - Apresentation", "1 - Apresentation", "{2BA9272C-76ED-4407-B64F-85DD45E589B0}"
EndProject
Project("{2150E333-8FDC-42A3-9474-1A3956D46DE8}") = "2 - Aplication", "2 - Aplication", "{F25C8222-8FCE-405C-AB8F-BEEB69E85E54}"
EndProject
Project("{2150E333-8FDC-42A3-9474-1A3956D46DE8}") = "3 - Domain", "3 - Domain", "{E115AF1F-F8CF-4F0A-89D5-2602D4663B4D}"
EndProject
Project("{2150E333-8FDC-42A3-9474-1A3956D46DE8}") = "4 - Infrastructure", "4 - Infrastructure", "{2B9A59DE-F2DB-43EB-B10D-4A4EA56AD2E2}"
EndProject
Project("{9A19103F-16F7-4668-BE54-9A1E7A4F7556}") = "FrwkBootCampFidelidade.API", "FrwkBootCampFidelidade.API\FrwkBootCampFidelidade.API.csproj", "{DBF407E1-CBF2-4E96-8AEC-DCC5A6169151}"
EndProject
Project("{9A19103F-16F7-4668-BE54-9A1E7A4F7556}") = "FrwkBootCampFidelidade.Aplicacao", "FrwkBootCampFidelidade.Aplicacao\FrwkBootCampFidelidade.Aplicacao.csproj", "{5185177B-045D-421A-BFEE-7F4D4F623D07}"
EndProject
Project("{9A19103F-16F7-4668-BE54-9A1E7A4F7556}") = "FrwkBootCampFidelidade.Dominio", "FrwkBootCampFidelidade.Dominio\FrwkBootCampFidelidade.Dominio.csproj", "{BD1AC1C5-E099-48BD-9C41-A16B6E24240D}"
EndProject
Project("{9A19103F-16F7-4668-BE54-9A1E7A4F7556}") = "FrwkBootCampFidelidade.Infraestrutura.Data", "FrwkBootCampFidelidade.Infraestrutura\FrwkBootCampFidelidade.Infraestrutura.Data.csproj", "{6E47F3CF-F4E2-434E-AC56-7607B8EE1F41}"
EndProject
Project("{2150E333-8FDC-42A3-9474-1A3956D46DE8}") = "Tests", "Tests", "{0AAD2DE8-43D4-43C6-A6B7-87B607B292FB}"
EndProject
Project("{9A19103F-16F7-4668-BE54-9A1E7A4F7556}") = "FrwkBootCampFidelidade.Infraestrutura.IOC", "FrwkBootCampFidelidade.IOC\FrwkBootCampFidelidade.Infraestrutura.IOC.csproj", "{D755A7EF-17ED-4EF8-B1EC-49CB3CFCB2DD}"
EndProject
Project("{9A19103F-16F7-4668-BE54-9A1E7A4F7556}") = "FrwkBootCampFidelidade.DTO", "FrwkBootCampFidelidade.DTO\FrwkBootCampFidelidade.DTO.csproj", "{71A24D4E-0AAD-4A0E-9EC2-6E94B854B0FD}"
EndProject
Project("{9A19103F-16F7-4668-BE54-9A1E7A4F7556}") = "FrwkBootCampFidelidade.Promotion.API", "FrwkBootCampFidelidade.Promotion.API\FrwkBootCampFidelidade.Promotion.API.csproj", "{FEAF9D44-62A8-4B34-88E9-89C5E4F91711}"
EndProject
Project("{9A19103F-16F7-4668-BE54-9A1E7A4F7556}") = "FrwkBootCampFidelidade.Extract.API", "FrwkBootCampFidelidade.Extract.API\FrwkBootCampFidelidade.Extract.API.csproj", "{D8CF6B72-7BD0-44D5-8300-EDDC21678AB2}"
EndProject
Project("{9A19103F-16F7-4668-BE54-9A1E7A4F7556}") = "FrwkBootCampFidelidade.Bonification.API", "FrwkBootCampFidelidade.Bonification.API\FrwkBootCampFidelidade.Bonification.API.csproj", "{886B9580-DE28-44F6-B4D4-4F945331525C}"
EndProject
Project("{2150E333-8FDC-42A3-9474-1A3956D46DE8}") = "docker-compose", "docker-compose", "{BE69E689-6948-4AE4-A59D-A148ABF8E02C}"
	ProjectSection(SolutionItems) = preProject
		docker-compose.yml = docker-compose.yml
	EndProjectSection
EndProject
Project("{2150E333-8FDC-42A3-9474-1A3956D46DE8}") = "src", "src", "{8588B8C1-220A-4C61-8840-3F05FFD32AF3}"
EndProject
Project("{2150E333-8FDC-42A3-9474-1A3956D46DE8}") = "Services", "Services", "{39BA314B-1120-4B7F-887E-6044806C2FC5}"
EndProject
Project("{2150E333-8FDC-42A3-9474-1A3956D46DE8}") = "ApiGateway", "ApiGateway", "{546BFF38-7857-45BB-A5DC-2D2C7C8ED4FB}"
EndProject
Project("{9A19103F-16F7-4668-BE54-9A1E7A4F7556}") = "Web.BootCampFidelidade.HttpAggregator", "Web.BootCampFidelidade.HttpAggregator\Web.BootCampFidelidade.HttpAggregator.csproj", "{DD430941-0125-4B71-A3AD-ECA9EC39E2C9}"
EndProject
Project("{2150E333-8FDC-42A3-9474-1A3956D46DE8}") = "Web.bff", "Web.bff", "{A5853A38-E07C-44C1-BB70-173462FF2A7D}"
EndProject
Project("{2150E333-8FDC-42A3-9474-1A3956D46DE8}") = "Mobile.bff", "Mobile.bff", "{61038E9A-C27A-4287-B1E1-CD6EE730275C}"
EndProject
Project("{9A19103F-16F7-4668-BE54-9A1E7A4F7556}") = "FrwkBootCampFidelidade.Wallet.API", "FrwkBootCampFidelidade.Wallet.API\FrwkBootCampFidelidade.Wallet.API.csproj", "{E810F36A-CD6F-4997-9375-79852CB0355A}"
EndProject
Project("{9A19103F-16F7-4668-BE54-9A1E7A4F7556}") = "FrwkBootCampFidelidade.Promotion.Tests", "FrwkBootCampFidelidade.Promotion.Tests\FrwkBootCampFidelidade.Promotion.Tests.csproj", "{5010EED4-ABAE-43EF-A2CD-F840C735132E}"
EndProject
Project("{2150E333-8FDC-42A3-9474-1A3956D46DE8}") = "Promotions", "Promotions", "{984BFF90-E575-4262-ADC5-3B8BAAF31630}"
EndProject
Project("{9A19103F-16F7-4668-BE54-9A1E7A4F7556}") = "FrwkBootCampFidelidade.Promotion.FakeData", "FrwkBootCampFidelidade.Promotion.FakeData\FrwkBootCampFidelidade.Promotion.FakeData.csproj", "{DE824EA3-CABB-4919-AB31-6134A4BEFC47}"
EndProject
Project("{2150E333-8FDC-42A3-9474-1A3956D46DE8}") = "Ransom", "Ransom", "{9F59FEE6-5A48-4E83-BFD8-B26A397DC49F}"
EndProject
Project("{9A19103F-16F7-4668-BE54-9A1E7A4F7556}") = "FrwkBootCampFidelidade.RansomxUnit", "FrwkBootCampFidelidade.Ransom.xUnit\FrwkBootCampFidelidade.RansomxUnit.csproj", "{8E97720A-D4D6-47A4-9046-D5F7E538E189}"
EndProject
Project("{9A19103F-16F7-4668-BE54-9A1E7A4F7556}") = "FrwkBootCampFidelidade.Ransom.API", "FrwkBootCampFidelidade.Ransom.API\FrwkBootCampFidelidade.Ransom.API.csproj", "{AB96AFDB-2013-4BDE-AF0F-66FDE605B7A9}"
EndProject
Project("{FAE04EC0-301F-11D3-BF4B-00C04F79EFBC}") = "FrwkBootCampFidelidade.Order.API", "FrwkBootCampFidelidade.Order.API\FrwkBootCampFidelidade.Order.API.csproj", "{B3045C69-BCBE-4EB7-BF7C-6D351931F11B}"
EndProject
Global
	GlobalSection(SolutionConfigurationPlatforms) = preSolution
		Debug|Any CPU = Debug|Any CPU
		Release|Any CPU = Release|Any CPU
	EndGlobalSection
	GlobalSection(ProjectConfigurationPlatforms) = postSolution
		{DBF407E1-CBF2-4E96-8AEC-DCC5A6169151}.Debug|Any CPU.ActiveCfg = Debug|Any CPU
		{DBF407E1-CBF2-4E96-8AEC-DCC5A6169151}.Debug|Any CPU.Build.0 = Debug|Any CPU
		{DBF407E1-CBF2-4E96-8AEC-DCC5A6169151}.Release|Any CPU.ActiveCfg = Release|Any CPU
		{DBF407E1-CBF2-4E96-8AEC-DCC5A6169151}.Release|Any CPU.Build.0 = Release|Any CPU
		{5185177B-045D-421A-BFEE-7F4D4F623D07}.Debug|Any CPU.ActiveCfg = Debug|Any CPU
		{5185177B-045D-421A-BFEE-7F4D4F623D07}.Debug|Any CPU.Build.0 = Debug|Any CPU
		{5185177B-045D-421A-BFEE-7F4D4F623D07}.Release|Any CPU.ActiveCfg = Release|Any CPU
		{5185177B-045D-421A-BFEE-7F4D4F623D07}.Release|Any CPU.Build.0 = Release|Any CPU
		{BD1AC1C5-E099-48BD-9C41-A16B6E24240D}.Debug|Any CPU.ActiveCfg = Debug|Any CPU
		{BD1AC1C5-E099-48BD-9C41-A16B6E24240D}.Debug|Any CPU.Build.0 = Debug|Any CPU
		{BD1AC1C5-E099-48BD-9C41-A16B6E24240D}.Release|Any CPU.ActiveCfg = Release|Any CPU
		{BD1AC1C5-E099-48BD-9C41-A16B6E24240D}.Release|Any CPU.Build.0 = Release|Any CPU
		{6E47F3CF-F4E2-434E-AC56-7607B8EE1F41}.Debug|Any CPU.ActiveCfg = Debug|Any CPU
		{6E47F3CF-F4E2-434E-AC56-7607B8EE1F41}.Debug|Any CPU.Build.0 = Debug|Any CPU
		{6E47F3CF-F4E2-434E-AC56-7607B8EE1F41}.Release|Any CPU.ActiveCfg = Release|Any CPU
		{6E47F3CF-F4E2-434E-AC56-7607B8EE1F41}.Release|Any CPU.Build.0 = Release|Any CPU
		{D755A7EF-17ED-4EF8-B1EC-49CB3CFCB2DD}.Debug|Any CPU.ActiveCfg = Debug|Any CPU
		{D755A7EF-17ED-4EF8-B1EC-49CB3CFCB2DD}.Debug|Any CPU.Build.0 = Debug|Any CPU
		{D755A7EF-17ED-4EF8-B1EC-49CB3CFCB2DD}.Release|Any CPU.ActiveCfg = Release|Any CPU
		{D755A7EF-17ED-4EF8-B1EC-49CB3CFCB2DD}.Release|Any CPU.Build.0 = Release|Any CPU
		{71A24D4E-0AAD-4A0E-9EC2-6E94B854B0FD}.Debug|Any CPU.ActiveCfg = Debug|Any CPU
		{71A24D4E-0AAD-4A0E-9EC2-6E94B854B0FD}.Debug|Any CPU.Build.0 = Debug|Any CPU
		{71A24D4E-0AAD-4A0E-9EC2-6E94B854B0FD}.Release|Any CPU.ActiveCfg = Release|Any CPU
		{71A24D4E-0AAD-4A0E-9EC2-6E94B854B0FD}.Release|Any CPU.Build.0 = Release|Any CPU
		{FEAF9D44-62A8-4B34-88E9-89C5E4F91711}.Debug|Any CPU.ActiveCfg = Debug|Any CPU
		{FEAF9D44-62A8-4B34-88E9-89C5E4F91711}.Debug|Any CPU.Build.0 = Debug|Any CPU
		{FEAF9D44-62A8-4B34-88E9-89C5E4F91711}.Release|Any CPU.ActiveCfg = Release|Any CPU
		{FEAF9D44-62A8-4B34-88E9-89C5E4F91711}.Release|Any CPU.Build.0 = Release|Any CPU
		{D8CF6B72-7BD0-44D5-8300-EDDC21678AB2}.Debug|Any CPU.ActiveCfg = Debug|Any CPU
		{D8CF6B72-7BD0-44D5-8300-EDDC21678AB2}.Debug|Any CPU.Build.0 = Debug|Any CPU
		{D8CF6B72-7BD0-44D5-8300-EDDC21678AB2}.Release|Any CPU.ActiveCfg = Release|Any CPU
		{D8CF6B72-7BD0-44D5-8300-EDDC21678AB2}.Release|Any CPU.Build.0 = Release|Any CPU
		{886B9580-DE28-44F6-B4D4-4F945331525C}.Debug|Any CPU.ActiveCfg = Debug|Any CPU
		{886B9580-DE28-44F6-B4D4-4F945331525C}.Debug|Any CPU.Build.0 = Debug|Any CPU
		{886B9580-DE28-44F6-B4D4-4F945331525C}.Release|Any CPU.ActiveCfg = Release|Any CPU
		{886B9580-DE28-44F6-B4D4-4F945331525C}.Release|Any CPU.Build.0 = Release|Any CPU
		{DD430941-0125-4B71-A3AD-ECA9EC39E2C9}.Debug|Any CPU.ActiveCfg = Debug|Any CPU
		{DD430941-0125-4B71-A3AD-ECA9EC39E2C9}.Debug|Any CPU.Build.0 = Debug|Any CPU
		{DD430941-0125-4B71-A3AD-ECA9EC39E2C9}.Release|Any CPU.ActiveCfg = Release|Any CPU
		{DD430941-0125-4B71-A3AD-ECA9EC39E2C9}.Release|Any CPU.Build.0 = Release|Any CPU
		{E810F36A-CD6F-4997-9375-79852CB0355A}.Debug|Any CPU.ActiveCfg = Debug|Any CPU
		{E810F36A-CD6F-4997-9375-79852CB0355A}.Debug|Any CPU.Build.0 = Debug|Any CPU
		{E810F36A-CD6F-4997-9375-79852CB0355A}.Release|Any CPU.ActiveCfg = Release|Any CPU
		{E810F36A-CD6F-4997-9375-79852CB0355A}.Release|Any CPU.Build.0 = Release|Any CPU
		{5010EED4-ABAE-43EF-A2CD-F840C735132E}.Debug|Any CPU.ActiveCfg = Debug|Any CPU
		{5010EED4-ABAE-43EF-A2CD-F840C735132E}.Debug|Any CPU.Build.0 = Debug|Any CPU
		{5010EED4-ABAE-43EF-A2CD-F840C735132E}.Release|Any CPU.ActiveCfg = Release|Any CPU
		{5010EED4-ABAE-43EF-A2CD-F840C735132E}.Release|Any CPU.Build.0 = Release|Any CPU
		{DE824EA3-CABB-4919-AB31-6134A4BEFC47}.Debug|Any CPU.ActiveCfg = Debug|Any CPU
		{DE824EA3-CABB-4919-AB31-6134A4BEFC47}.Debug|Any CPU.Build.0 = Debug|Any CPU
		{DE824EA3-CABB-4919-AB31-6134A4BEFC47}.Release|Any CPU.ActiveCfg = Release|Any CPU
		{DE824EA3-CABB-4919-AB31-6134A4BEFC47}.Release|Any CPU.Build.0 = Release|Any CPU
		{8E97720A-D4D6-47A4-9046-D5F7E538E189}.Debug|Any CPU.ActiveCfg = Debug|Any CPU
		{8E97720A-D4D6-47A4-9046-D5F7E538E189}.Debug|Any CPU.Build.0 = Debug|Any CPU
		{8E97720A-D4D6-47A4-9046-D5F7E538E189}.Release|Any CPU.ActiveCfg = Release|Any CPU
		{8E97720A-D4D6-47A4-9046-D5F7E538E189}.Release|Any CPU.Build.0 = Release|Any CPU
		{AB96AFDB-2013-4BDE-AF0F-66FDE605B7A9}.Debug|Any CPU.ActiveCfg = Debug|Any CPU
		{AB96AFDB-2013-4BDE-AF0F-66FDE605B7A9}.Debug|Any CPU.Build.0 = Debug|Any CPU
		{AB96AFDB-2013-4BDE-AF0F-66FDE605B7A9}.Release|Any CPU.ActiveCfg = Release|Any CPU
		{AB96AFDB-2013-4BDE-AF0F-66FDE605B7A9}.Release|Any CPU.Build.0 = Release|Any CPU
		{B3045C69-BCBE-4EB7-BF7C-6D351931F11B}.Debug|Any CPU.ActiveCfg = Debug|Any CPU
		{B3045C69-BCBE-4EB7-BF7C-6D351931F11B}.Debug|Any CPU.Build.0 = Debug|Any CPU
		{B3045C69-BCBE-4EB7-BF7C-6D351931F11B}.Release|Any CPU.ActiveCfg = Release|Any CPU
		{B3045C69-BCBE-4EB7-BF7C-6D351931F11B}.Release|Any CPU.Build.0 = Release|Any CPU
	EndGlobalSection
	GlobalSection(SolutionProperties) = preSolution
		HideSolutionNode = FALSE
	EndGlobalSection
	GlobalSection(NestedProjects) = preSolution
		{2BA9272C-76ED-4407-B64F-85DD45E589B0} = {39BA314B-1120-4B7F-887E-6044806C2FC5}
		{F25C8222-8FCE-405C-AB8F-BEEB69E85E54} = {39BA314B-1120-4B7F-887E-6044806C2FC5}
		{E115AF1F-F8CF-4F0A-89D5-2602D4663B4D} = {39BA314B-1120-4B7F-887E-6044806C2FC5}
		{2B9A59DE-F2DB-43EB-B10D-4A4EA56AD2E2} = {39BA314B-1120-4B7F-887E-6044806C2FC5}
		{DBF407E1-CBF2-4E96-8AEC-DCC5A6169151} = {2BA9272C-76ED-4407-B64F-85DD45E589B0}
		{5185177B-045D-421A-BFEE-7F4D4F623D07} = {F25C8222-8FCE-405C-AB8F-BEEB69E85E54}
		{BD1AC1C5-E099-48BD-9C41-A16B6E24240D} = {E115AF1F-F8CF-4F0A-89D5-2602D4663B4D}
		{6E47F3CF-F4E2-434E-AC56-7607B8EE1F41} = {2B9A59DE-F2DB-43EB-B10D-4A4EA56AD2E2}
		{0AAD2DE8-43D4-43C6-A6B7-87B607B292FB} = {8588B8C1-220A-4C61-8840-3F05FFD32AF3}
		{D755A7EF-17ED-4EF8-B1EC-49CB3CFCB2DD} = {2B9A59DE-F2DB-43EB-B10D-4A4EA56AD2E2}
		{71A24D4E-0AAD-4A0E-9EC2-6E94B854B0FD} = {F25C8222-8FCE-405C-AB8F-BEEB69E85E54}
		{FEAF9D44-62A8-4B34-88E9-89C5E4F91711} = {2BA9272C-76ED-4407-B64F-85DD45E589B0}
		{D8CF6B72-7BD0-44D5-8300-EDDC21678AB2} = {2BA9272C-76ED-4407-B64F-85DD45E589B0}
		{886B9580-DE28-44F6-B4D4-4F945331525C} = {2BA9272C-76ED-4407-B64F-85DD45E589B0}
		{BE69E689-6948-4AE4-A59D-A148ABF8E02C} = {8588B8C1-220A-4C61-8840-3F05FFD32AF3}
		{39BA314B-1120-4B7F-887E-6044806C2FC5} = {8588B8C1-220A-4C61-8840-3F05FFD32AF3}
		{546BFF38-7857-45BB-A5DC-2D2C7C8ED4FB} = {8588B8C1-220A-4C61-8840-3F05FFD32AF3}
		{DD430941-0125-4B71-A3AD-ECA9EC39E2C9} = {A5853A38-E07C-44C1-BB70-173462FF2A7D}
		{A5853A38-E07C-44C1-BB70-173462FF2A7D} = {546BFF38-7857-45BB-A5DC-2D2C7C8ED4FB}
		{61038E9A-C27A-4287-B1E1-CD6EE730275C} = {546BFF38-7857-45BB-A5DC-2D2C7C8ED4FB}
		{E810F36A-CD6F-4997-9375-79852CB0355A} = {2BA9272C-76ED-4407-B64F-85DD45E589B0}
		{5010EED4-ABAE-43EF-A2CD-F840C735132E} = {984BFF90-E575-4262-ADC5-3B8BAAF31630}
		{984BFF90-E575-4262-ADC5-3B8BAAF31630} = {0AAD2DE8-43D4-43C6-A6B7-87B607B292FB}
		{DE824EA3-CABB-4919-AB31-6134A4BEFC47} = {984BFF90-E575-4262-ADC5-3B8BAAF31630}
		{9F59FEE6-5A48-4E83-BFD8-B26A397DC49F} = {0AAD2DE8-43D4-43C6-A6B7-87B607B292FB}
		{8E97720A-D4D6-47A4-9046-D5F7E538E189} = {9F59FEE6-5A48-4E83-BFD8-B26A397DC49F}
		{AB96AFDB-2013-4BDE-AF0F-66FDE605B7A9} = {2BA9272C-76ED-4407-B64F-85DD45E589B0}
		{B3045C69-BCBE-4EB7-BF7C-6D351931F11B} = {2BA9272C-76ED-4407-B64F-85DD45E589B0}
	EndGlobalSection
	GlobalSection(ExtensibilityGlobals) = postSolution
		SolutionGuid = {7EA29803-B2E0-4913-A59B-A52D96A7E6E6}
	EndGlobalSection
EndGlobal
