
Microsoft Visual Studio Solution File, Format Version 12.00
# Visual Studio Version 17
VisualStudioVersion = 17.0.31919.166
MinimumVisualStudioVersion = 10.0.40219.1
Project("{2150E333-8FDC-42A3-9474-1A3956D46DE8}") = "1 - Apresentacao", "1 - Apresentacao", "{2BA9272C-76ED-4407-B64F-85DD45E589B0}"
EndProject
Project("{2150E333-8FDC-42A3-9474-1A3956D46DE8}") = "2 - Aplicacao", "2 - Aplicacao", "{F25C8222-8FCE-405C-AB8F-BEEB69E85E54}"
EndProject
Project("{2150E333-8FDC-42A3-9474-1A3956D46DE8}") = "3 - Dominio", "3 - Dominio", "{E115AF1F-F8CF-4F0A-89D5-2602D4663B4D}"
EndProject
Project("{2150E333-8FDC-42A3-9474-1A3956D46DE8}") = "4 - Infraestrutura", "4 - Infraestrutura", "{2B9A59DE-F2DB-43EB-B10D-4A4EA56AD2E2}"
EndProject
Project("{9A19103F-16F7-4668-BE54-9A1E7A4F7556}") = "FrwkBootCampFidelidade.API", "FrwkBootCampFidelidade.API\FrwkBootCampFidelidade.API.csproj", "{DBF407E1-CBF2-4E96-8AEC-DCC5A6169151}"
EndProject
Project("{9A19103F-16F7-4668-BE54-9A1E7A4F7556}") = "FrwkBootCampFidelidade.Aplicacao", "FrwkBootCampFidelidade.Aplicacao\FrwkBootCampFidelidade.Aplicacao.csproj", "{5185177B-045D-421A-BFEE-7F4D4F623D07}"
EndProject
Project("{9A19103F-16F7-4668-BE54-9A1E7A4F7556}") = "FrwkBootCampFidelidade.Dominio", "FrwkBootCampFidelidade.Dominio\FrwkBootCampFidelidade.Dominio.csproj", "{BD1AC1C5-E099-48BD-9C41-A16B6E24240D}"
EndProject
Project("{9A19103F-16F7-4668-BE54-9A1E7A4F7556}") = "FrwkBootCampFidelidade.Infraestrutura.Data", "FrwkBootCampFidelidade.Infraestrutura\FrwkBootCampFidelidade.Infraestrutura.Data.csproj", "{6E47F3CF-F4E2-434E-AC56-7607B8EE1F41}"
EndProject
Project("{2150E333-8FDC-42A3-9474-1A3956D46DE8}") = "5 - Testes", "5 - Testes", "{0AAD2DE8-43D4-43C6-A6B7-87B607B292FB}"
EndProject
Project("{9A19103F-16F7-4668-BE54-9A1E7A4F7556}") = "FrwkBootCampFidelidade.Teste", "FrwkBootCampFidelidade.Teste\FrwkBootCampFidelidade.Teste.csproj", "{01AE68DA-2070-46A6-BEC1-417C12D0ACC8}"
EndProject
Project("{9A19103F-16F7-4668-BE54-9A1E7A4F7556}") = "FrwkBootCampFidelidade.Infraestrutura.IOC", "FrwkBootCampFidelidade.IOC\FrwkBootCampFidelidade.Infraestrutura.IOC.csproj", "{D755A7EF-17ED-4EF8-B1EC-49CB3CFCB2DD}"
EndProject
Project("{2150E333-8FDC-42A3-9474-1A3956D46DE8}") = "DTO", "DTO", "{83401A2F-5E42-4A68-AF5A-4B7515E89C5A}"
EndProject
Project("{9A19103F-16F7-4668-BE54-9A1E7A4F7556}") = "FrwkBootCampFidelidade.DTO", "FrwkBootCampFidelidade.DTO\FrwkBootCampFidelidade.DTO.csproj", "{71A24D4E-0AAD-4A0E-9EC2-6E94B854B0FD}"
EndProject
Project("{FAE04EC0-301F-11D3-BF4B-00C04F79EFBC}") = "FrwkBootCampFidelidade.Promotion.API", "FrwkBootCampFidelidade.Promotion.API\FrwkBootCampFidelidade.Promotion.API.csproj", "{FEAF9D44-62A8-4B34-88E9-89C5E4F91711}"
EndProject
Global
	GlobalSection(SolutionConfigurationPlatforms) = preSolution
		Debug|Any CPU = Debug|Any CPU
		Release|Any CPU = Release|Any CPU
	EndGlobalSection
	GlobalSection(ProjectConfigurationPlatforms) = postSolution
		{DBF407E1-CBF2-4E96-8AEC-DCC5A6169151}.Debug|Any CPU.ActiveCfg = Debug|Any CPU
		{DBF407E1-CBF2-4E96-8AEC-DCC5A6169151}.Debug|Any CPU.Build.0 = Debug|Any CPU
		{DBF407E1-CBF2-4E96-8AEC-DCC5A6169151}.Release|Any CPU.ActiveCfg = Release|Any CPU
		{DBF407E1-CBF2-4E96-8AEC-DCC5A6169151}.Release|Any CPU.Build.0 = Release|Any CPU
		{5185177B-045D-421A-BFEE-7F4D4F623D07}.Debug|Any CPU.ActiveCfg = Debug|Any CPU
		{5185177B-045D-421A-BFEE-7F4D4F623D07}.Debug|Any CPU.Build.0 = Debug|Any CPU
		{5185177B-045D-421A-BFEE-7F4D4F623D07}.Release|Any CPU.ActiveCfg = Release|Any CPU
		{5185177B-045D-421A-BFEE-7F4D4F623D07}.Release|Any CPU.Build.0 = Release|Any CPU
		{BD1AC1C5-E099-48BD-9C41-A16B6E24240D}.Debug|Any CPU.ActiveCfg = Debug|Any CPU
		{BD1AC1C5-E099-48BD-9C41-A16B6E24240D}.Debug|Any CPU.Build.0 = Debug|Any CPU
		{BD1AC1C5-E099-48BD-9C41-A16B6E24240D}.Release|Any CPU.ActiveCfg = Release|Any CPU
		{BD1AC1C5-E099-48BD-9C41-A16B6E24240D}.Release|Any CPU.Build.0 = Release|Any CPU
		{6E47F3CF-F4E2-434E-AC56-7607B8EE1F41}.Debug|Any CPU.ActiveCfg = Debug|Any CPU
		{6E47F3CF-F4E2-434E-AC56-7607B8EE1F41}.Debug|Any CPU.Build.0 = Debug|Any CPU
		{6E47F3CF-F4E2-434E-AC56-7607B8EE1F41}.Release|Any CPU.ActiveCfg = Release|Any CPU
		{6E47F3CF-F4E2-434E-AC56-7607B8EE1F41}.Release|Any CPU.Build.0 = Release|Any CPU
		{01AE68DA-2070-46A6-BEC1-417C12D0ACC8}.Debug|Any CPU.ActiveCfg = Debug|Any CPU
		{01AE68DA-2070-46A6-BEC1-417C12D0ACC8}.Debug|Any CPU.Build.0 = Debug|Any CPU
		{01AE68DA-2070-46A6-BEC1-417C12D0ACC8}.Release|Any CPU.ActiveCfg = Release|Any CPU
		{01AE68DA-2070-46A6-BEC1-417C12D0ACC8}.Release|Any CPU.Build.0 = Release|Any CPU
		{D755A7EF-17ED-4EF8-B1EC-49CB3CFCB2DD}.Debug|Any CPU.ActiveCfg = Debug|Any CPU
		{D755A7EF-17ED-4EF8-B1EC-49CB3CFCB2DD}.Debug|Any CPU.Build.0 = Debug|Any CPU
		{D755A7EF-17ED-4EF8-B1EC-49CB3CFCB2DD}.Release|Any CPU.ActiveCfg = Release|Any CPU
		{D755A7EF-17ED-4EF8-B1EC-49CB3CFCB2DD}.Release|Any CPU.Build.0 = Release|Any CPU
		{71A24D4E-0AAD-4A0E-9EC2-6E94B854B0FD}.Debug|Any CPU.ActiveCfg = Debug|Any CPU
		{71A24D4E-0AAD-4A0E-9EC2-6E94B854B0FD}.Debug|Any CPU.Build.0 = Debug|Any CPU
		{71A24D4E-0AAD-4A0E-9EC2-6E94B854B0FD}.Release|Any CPU.ActiveCfg = Release|Any CPU
		{71A24D4E-0AAD-4A0E-9EC2-6E94B854B0FD}.Release|Any CPU.Build.0 = Release|Any CPU
		{FEAF9D44-62A8-4B34-88E9-89C5E4F91711}.Debug|Any CPU.ActiveCfg = Debug|Any CPU
		{FEAF9D44-62A8-4B34-88E9-89C5E4F91711}.Debug|Any CPU.Build.0 = Debug|Any CPU
		{FEAF9D44-62A8-4B34-88E9-89C5E4F91711}.Release|Any CPU.ActiveCfg = Release|Any CPU
		{FEAF9D44-62A8-4B34-88E9-89C5E4F91711}.Release|Any CPU.Build.0 = Release|Any CPU
	EndGlobalSection
	GlobalSection(SolutionProperties) = preSolution
		HideSolutionNode = FALSE
	EndGlobalSection
	GlobalSection(NestedProjects) = preSolution
		{DBF407E1-CBF2-4E96-8AEC-DCC5A6169151} = {2BA9272C-76ED-4407-B64F-85DD45E589B0}
		{5185177B-045D-421A-BFEE-7F4D4F623D07} = {F25C8222-8FCE-405C-AB8F-BEEB69E85E54}
		{BD1AC1C5-E099-48BD-9C41-A16B6E24240D} = {E115AF1F-F8CF-4F0A-89D5-2602D4663B4D}
		{6E47F3CF-F4E2-434E-AC56-7607B8EE1F41} = {2B9A59DE-F2DB-43EB-B10D-4A4EA56AD2E2}
		{01AE68DA-2070-46A6-BEC1-417C12D0ACC8} = {0AAD2DE8-43D4-43C6-A6B7-87B607B292FB}
		{D755A7EF-17ED-4EF8-B1EC-49CB3CFCB2DD} = {2B9A59DE-F2DB-43EB-B10D-4A4EA56AD2E2}
		{83401A2F-5E42-4A68-AF5A-4B7515E89C5A} = {F25C8222-8FCE-405C-AB8F-BEEB69E85E54}
		{71A24D4E-0AAD-4A0E-9EC2-6E94B854B0FD} = {F25C8222-8FCE-405C-AB8F-BEEB69E85E54}
		{FEAF9D44-62A8-4B34-88E9-89C5E4F91711} = {2BA9272C-76ED-4407-B64F-85DD45E589B0}
	EndGlobalSection
	GlobalSection(ExtensibilityGlobals) = postSolution
		SolutionGuid = {7EA29803-B2E0-4913-A59B-A52D96A7E6E6}
	EndGlobalSection
EndGlobal
